
Microsoft Visual Studio Solution File, Format Version 12.00
# Visual Studio 2012
Project("{FAE04EC0-301F-11D3-BF4B-00C04F79EFBC}") = "Store", "Store Windows Service\Store.csproj", "{82C690CB-C0C1-4713-9EF4-64DC0990CC4B}"
EndProject
Project("{FAE04EC0-301F-11D3-BF4B-00C04F79EFBC}") = "Store WCF Service", "Store WCF Service\Store WCF Service.csproj", "{15B3E0D2-6217-493A-A690-158C497F5318}"
EndProject
Project("{930C7802-8A8C-48F9-8165-68863BCCD9DD}") = "Installer", "Installer\Installer.wixproj", "{7259BBEA-4B01-400C-A3B6-5BA035068133}"
EndProject
Project("{FAE04EC0-301F-11D3-BF4B-00C04F79EFBC}") = "Convert", "Convert\Convert.csproj", "{A5ACC9D3-01BE-4A75-A611-C37F9E395C40}"
EndProject
Project("{FAE04EC0-301F-11D3-BF4B-00C04F79EFBC}") = "ConvertHelper", "ConvertHelper\ConvertHelper.csproj", "{94CE1596-C59C-453A-BECF-FF60BB32DCC4}"
EndProject
Project("{FAE04EC0-301F-11D3-BF4B-00C04F79EFBC}") = "HostFeed", "HostFeed\HostFeed.csproj", "{3C451A60-CB7A-4342-9D41-05B342BCBA6B}"
EndProject
Project("{FAE04EC0-301F-11D3-BF4B-00C04F79EFBC}") = "CustomAction", "CustomAction\CustomAction.csproj", "{06FA3049-9E37-4881-A21E-CFC433789443}"
EndProject
Global
	GlobalSection(SolutionConfigurationPlatforms) = preSolution
		Debug|Any CPU = Debug|Any CPU
		Debug|Mixed Platforms = Debug|Mixed Platforms
		Debug|x86 = Debug|x86
		Release|Any CPU = Release|Any CPU
		Release|Mixed Platforms = Release|Mixed Platforms
		Release|x86 = Release|x86
	EndGlobalSection
	GlobalSection(ProjectConfigurationPlatforms) = postSolution
		{82C690CB-C0C1-4713-9EF4-64DC0990CC4B}.Debug|Any CPU.ActiveCfg = Debug|Any CPU
		{82C690CB-C0C1-4713-9EF4-64DC0990CC4B}.Debug|Any CPU.Build.0 = Debug|Any CPU
		{82C690CB-C0C1-4713-9EF4-64DC0990CC4B}.Debug|Mixed Platforms.ActiveCfg = Debug|Any CPU
		{82C690CB-C0C1-4713-9EF4-64DC0990CC4B}.Debug|Mixed Platforms.Build.0 = Debug|Any CPU
		{82C690CB-C0C1-4713-9EF4-64DC0990CC4B}.Debug|x86.ActiveCfg = Debug|Any CPU
		{82C690CB-C0C1-4713-9EF4-64DC0990CC4B}.Release|Any CPU.ActiveCfg = Release|Any CPU
		{82C690CB-C0C1-4713-9EF4-64DC0990CC4B}.Release|Any CPU.Build.0 = Release|Any CPU
		{82C690CB-C0C1-4713-9EF4-64DC0990CC4B}.Release|Mixed Platforms.ActiveCfg = Release|Any CPU
		{82C690CB-C0C1-4713-9EF4-64DC0990CC4B}.Release|Mixed Platforms.Build.0 = Release|Any CPU
		{82C690CB-C0C1-4713-9EF4-64DC0990CC4B}.Release|x86.ActiveCfg = Release|Any CPU
		{15B3E0D2-6217-493A-A690-158C497F5318}.Debug|Any CPU.ActiveCfg = Debug|Any CPU
		{15B3E0D2-6217-493A-A690-158C497F5318}.Debug|Any CPU.Build.0 = Debug|Any CPU
		{15B3E0D2-6217-493A-A690-158C497F5318}.Debug|Mixed Platforms.ActiveCfg = Debug|Any CPU
		{15B3E0D2-6217-493A-A690-158C497F5318}.Debug|Mixed Platforms.Build.0 = Debug|Any CPU
		{15B3E0D2-6217-493A-A690-158C497F5318}.Debug|x86.ActiveCfg = Debug|Any CPU
		{15B3E0D2-6217-493A-A690-158C497F5318}.Release|Any CPU.ActiveCfg = Release|Any CPU
		{15B3E0D2-6217-493A-A690-158C497F5318}.Release|Any CPU.Build.0 = Release|Any CPU
		{15B3E0D2-6217-493A-A690-158C497F5318}.Release|Mixed Platforms.ActiveCfg = Release|Any CPU
		{15B3E0D2-6217-493A-A690-158C497F5318}.Release|Mixed Platforms.Build.0 = Release|Any CPU
		{15B3E0D2-6217-493A-A690-158C497F5318}.Release|x86.ActiveCfg = Release|Any CPU
		{7259BBEA-4B01-400C-A3B6-5BA035068133}.Debug|Any CPU.ActiveCfg = Debug|x86
		{7259BBEA-4B01-400C-A3B6-5BA035068133}.Debug|Mixed Platforms.ActiveCfg = Debug|x86
		{7259BBEA-4B01-400C-A3B6-5BA035068133}.Debug|Mixed Platforms.Build.0 = Debug|x86
		{7259BBEA-4B01-400C-A3B6-5BA035068133}.Debug|x86.ActiveCfg = Debug|x86
		{7259BBEA-4B01-400C-A3B6-5BA035068133}.Debug|x86.Build.0 = Debug|x86
		{7259BBEA-4B01-400C-A3B6-5BA035068133}.Release|Any CPU.ActiveCfg = Release|x86
		{7259BBEA-4B01-400C-A3B6-5BA035068133}.Release|Mixed Platforms.ActiveCfg = Release|x86
		{7259BBEA-4B01-400C-A3B6-5BA035068133}.Release|Mixed Platforms.Build.0 = Release|x86
		{7259BBEA-4B01-400C-A3B6-5BA035068133}.Release|x86.ActiveCfg = Release|x86
		{7259BBEA-4B01-400C-A3B6-5BA035068133}.Release|x86.Build.0 = Release|x86
		{A5ACC9D3-01BE-4A75-A611-C37F9E395C40}.Debug|Any CPU.ActiveCfg = Debug|Any CPU
		{A5ACC9D3-01BE-4A75-A611-C37F9E395C40}.Debug|Any CPU.Build.0 = Debug|Any CPU
		{A5ACC9D3-01BE-4A75-A611-C37F9E395C40}.Debug|Mixed Platforms.ActiveCfg = Debug|Any CPU
		{A5ACC9D3-01BE-4A75-A611-C37F9E395C40}.Debug|Mixed Platforms.Build.0 = Debug|Any CPU
		{A5ACC9D3-01BE-4A75-A611-C37F9E395C40}.Debug|x86.ActiveCfg = Debug|Any CPU
		{A5ACC9D3-01BE-4A75-A611-C37F9E395C40}.Release|Any CPU.ActiveCfg = Release|Any CPU
		{A5ACC9D3-01BE-4A75-A611-C37F9E395C40}.Release|Any CPU.Build.0 = Release|Any CPU
		{A5ACC9D3-01BE-4A75-A611-C37F9E395C40}.Release|Mixed Platforms.ActiveCfg = Release|Any CPU
		{A5ACC9D3-01BE-4A75-A611-C37F9E395C40}.Release|Mixed Platforms.Build.0 = Release|Any CPU
		{A5ACC9D3-01BE-4A75-A611-C37F9E395C40}.Release|x86.ActiveCfg = Release|Any CPU
		{94CE1596-C59C-453A-BECF-FF60BB32DCC4}.Debug|Any CPU.ActiveCfg = Debug|Any CPU
		{94CE1596-C59C-453A-BECF-FF60BB32DCC4}.Debug|Any CPU.Build.0 = Debug|Any CPU
		{94CE1596-C59C-453A-BECF-FF60BB32DCC4}.Debug|Mixed Platforms.ActiveCfg = Debug|Any CPU
		{94CE1596-C59C-453A-BECF-FF60BB32DCC4}.Debug|Mixed Platforms.Build.0 = Debug|Any CPU
		{94CE1596-C59C-453A-BECF-FF60BB32DCC4}.Debug|x86.ActiveCfg = Debug|Any CPU
		{94CE1596-C59C-453A-BECF-FF60BB32DCC4}.Release|Any CPU.ActiveCfg = Release|Any CPU
		{94CE1596-C59C-453A-BECF-FF60BB32DCC4}.Release|Any CPU.Build.0 = Release|Any CPU
		{94CE1596-C59C-453A-BECF-FF60BB32DCC4}.Release|Mixed Platforms.ActiveCfg = Release|Any CPU
		{94CE1596-C59C-453A-BECF-FF60BB32DCC4}.Release|Mixed Platforms.Build.0 = Release|Any CPU
		{94CE1596-C59C-453A-BECF-FF60BB32DCC4}.Release|x86.ActiveCfg = Release|Any CPU
		{3C451A60-CB7A-4342-9D41-05B342BCBA6B}.Debug|Any CPU.ActiveCfg = Debug|Any CPU
		{3C451A60-CB7A-4342-9D41-05B342BCBA6B}.Debug|Any CPU.Build.0 = Debug|Any CPU
		{3C451A60-CB7A-4342-9D41-05B342BCBA6B}.Debug|Mixed Platforms.ActiveCfg = Debug|Any CPU
		{3C451A60-CB7A-4342-9D41-05B342BCBA6B}.Debug|Mixed Platforms.Build.0 = Debug|Any CPU
		{3C451A60-CB7A-4342-9D41-05B342BCBA6B}.Debug|x86.ActiveCfg = Debug|Any CPU
		{3C451A60-CB7A-4342-9D41-05B342BCBA6B}.Release|Any CPU.ActiveCfg = Release|Any CPU
		{3C451A60-CB7A-4342-9D41-05B342BCBA6B}.Release|Any CPU.Build.0 = Release|Any CPU
		{3C451A60-CB7A-4342-9D41-05B342BCBA6B}.Release|Mixed Platforms.ActiveCfg = Release|Any CPU
		{3C451A60-CB7A-4342-9D41-05B342BCBA6B}.Release|Mixed Platforms.Build.0 = Release|Any CPU
		{3C451A60-CB7A-4342-9D41-05B342BCBA6B}.Release|x86.ActiveCfg = Release|Any CPU
		{06FA3049-9E37-4881-A21E-CFC433789443}.Debug|Any CPU.ActiveCfg = Debug|x86
		{06FA3049-9E37-4881-A21E-CFC433789443}.Debug|Mixed Platforms.ActiveCfg = Debug|x86
		{06FA3049-9E37-4881-A21E-CFC433789443}.Debug|Mixed Platforms.Build.0 = Debug|x86
		{06FA3049-9E37-4881-A21E-CFC433789443}.Debug|x86.ActiveCfg = Debug|x86
		{06FA3049-9E37-4881-A21E-CFC433789443}.Debug|x86.Build.0 = Debug|x86
		{06FA3049-9E37-4881-A21E-CFC433789443}.Release|Any CPU.ActiveCfg = Release|x86
		{06FA3049-9E37-4881-A21E-CFC433789443}.Release|Mixed Platforms.ActiveCfg = Release|x86
		{06FA3049-9E37-4881-A21E-CFC433789443}.Release|Mixed Platforms.Build.0 = Release|x86
		{06FA3049-9E37-4881-A21E-CFC433789443}.Release|x86.ActiveCfg = Release|x86
		{06FA3049-9E37-4881-A21E-CFC433789443}.Release|x86.Build.0 = Release|x86
	EndGlobalSection
	GlobalSection(SolutionProperties) = preSolution
		HideSolutionNode = FALSE
	EndGlobalSection
EndGlobal
